
Microsoft Visual Studio Solution File, Format Version 12.00
# Visual Studio Version 16
VisualStudioVersion = 16.0.30711.63
MinimumVisualStudioVersion = 10.0.40219.1
Project("{FAE04EC0-301F-11D3-BF4B-00C04F79EFBC}") = "01_KodomoCafe", "01_KodomoCafe\01_KodomoCafe.csproj", "{31532F95-2B99-44FC-B09F-E47F45B34E62}"
EndProject
Project("{FAE04EC0-301F-11D3-BF4B-00C04F79EFBC}") = "01_KodomoCafeRepo", "01_KodomoCafeRepo\01_KodomoCafeRepo.csproj", "{B008E647-2DB4-4EA6-9A15-9BB896CFB8D7}"
EndProject
Project("{FAE04EC0-301F-11D3-BF4B-00C04F79EFBC}") = "01_KodomoCafeRepoTest", "01_KodomoCafeRepoTest\01_KodomoCafeRepoTest.csproj", "{4D732C35-5CBF-4BCD-9D15-2386E2374925}"
EndProject
Project("{FAE04EC0-301F-11D3-BF4B-00C04F79EFBC}") = "02_KodomoClaims", "02_KodomoClaims\02_KodomoClaims.csproj", "{F30118F5-1ABE-44B1-9CDE-29B7B65FF999}"
EndProject
Project("{FAE04EC0-301F-11D3-BF4B-00C04F79EFBC}") = "02_KodomoClaimsRepo", "02_KodomoClaimsRepo\02_KodomoClaimsRepo.csproj", "{AC82FFE1-E33C-4869-B9D7-A42CB204965B}"
EndProject
Project("{FAE04EC0-301F-11D3-BF4B-00C04F79EFBC}") = "02_KodomoClaimsTest", "02_KodomoClaimsTest\02_KodomoClaimsTest.csproj", "{59CAD25A-C544-49C0-88D0-7803B08C6FDD}"
EndProject
Project("{FAE04EC0-301F-11D3-BF4B-00C04F79EFBC}") = "03_KomodoInsurance", "03_KomodoInsurance\03_KomodoInsurance.csproj", "{C7953C0E-19B1-4712-B0A5-CA0A1C2926F9}"
EndProject
Project("{FAE04EC0-301F-11D3-BF4B-00C04F79EFBC}") = "03_KomodoInsuranceRepo", "03_KomodoRepo\03_KomodoInsuranceRepo.csproj", "{BAACFBF9-2186-4245-8261-41C4FB6FB6BA}"
EndProject
Project("{FAE04EC0-301F-11D3-BF4B-00C04F79EFBC}") = "03_TestKodomoInsurance", "03_TestKodomoInsurance\03_TestKodomoInsurance.csproj", "{27142127-1495-4316-B402-6AE4F4FD83D4}"
EndProject
Project("{FAE04EC0-301F-11D3-BF4B-00C04F79EFBC}") = "04_KomodoOutings", "04_KomodoOutings\04_KomodoOutings.csproj", "{F1AB0DB7-D7CD-4B3C-9341-8CE3F22F478E}"
EndProject
Project("{FAE04EC0-301F-11D3-BF4B-00C04F79EFBC}") = "04_KomodoOutingsRepo", "04_KomodoOutingsRepo\04_KomodoOutingsRepo.csproj", "{82197464-28CE-47A1-AD44-86D791EF82DA}"
EndProject
Project("{FAE04EC0-301F-11D3-BF4B-00C04F79EFBC}") = "04_KomodoOutingsTest", "04_KomodoOutingsTest\04_KomodoOutingsTest.csproj", "{FA34B4DE-6E98-4E20-9FE7-356B80058938}"
EndProject
Project("{FAE04EC0-301F-11D3-BF4B-00C04F79EFBC}") = "05_KodomoEmail", "05_KodomoEmail\05_KodomoEmail.csproj", "{93475FC9-5D34-4768-8256-CE8FC048CA62}"
EndProject
Project("{FAE04EC0-301F-11D3-BF4B-00C04F79EFBC}") = "05_KodomoEmailRepo", "05_KodomoEmailRepo\05_KodomoEmailRepo.csproj", "{7863C4E6-C16E-4427-AFF9-A22E8B625F4F}"
EndProject
Project("{FAE04EC0-301F-11D3-BF4B-00C04F79EFBC}") = "05_KodomoEmailTest", "05_KodomoEmailTest\05_KodomoEmailTest.csproj", "{B02EBD7D-B5A6-4D3B-9DD6-2BDE0A6501C3}"
EndProject
Global
	GlobalSection(SolutionConfigurationPlatforms) = preSolution
		Debug|Any CPU = Debug|Any CPU
		Release|Any CPU = Release|Any CPU
	EndGlobalSection
	GlobalSection(ProjectConfigurationPlatforms) = postSolution
		{31532F95-2B99-44FC-B09F-E47F45B34E62}.Debug|Any CPU.ActiveCfg = Debug|Any CPU
		{31532F95-2B99-44FC-B09F-E47F45B34E62}.Debug|Any CPU.Build.0 = Debug|Any CPU
		{31532F95-2B99-44FC-B09F-E47F45B34E62}.Release|Any CPU.ActiveCfg = Release|Any CPU
		{31532F95-2B99-44FC-B09F-E47F45B34E62}.Release|Any CPU.Build.0 = Release|Any CPU
		{B008E647-2DB4-4EA6-9A15-9BB896CFB8D7}.Debug|Any CPU.ActiveCfg = Debug|Any CPU
		{B008E647-2DB4-4EA6-9A15-9BB896CFB8D7}.Debug|Any CPU.Build.0 = Debug|Any CPU
		{B008E647-2DB4-4EA6-9A15-9BB896CFB8D7}.Release|Any CPU.ActiveCfg = Release|Any CPU
		{B008E647-2DB4-4EA6-9A15-9BB896CFB8D7}.Release|Any CPU.Build.0 = Release|Any CPU
		{4D732C35-5CBF-4BCD-9D15-2386E2374925}.Debug|Any CPU.ActiveCfg = Debug|Any CPU
		{4D732C35-5CBF-4BCD-9D15-2386E2374925}.Debug|Any CPU.Build.0 = Debug|Any CPU
		{4D732C35-5CBF-4BCD-9D15-2386E2374925}.Release|Any CPU.ActiveCfg = Release|Any CPU
		{4D732C35-5CBF-4BCD-9D15-2386E2374925}.Release|Any CPU.Build.0 = Release|Any CPU
		{F30118F5-1ABE-44B1-9CDE-29B7B65FF999}.Debug|Any CPU.ActiveCfg = Debug|Any CPU
		{F30118F5-1ABE-44B1-9CDE-29B7B65FF999}.Debug|Any CPU.Build.0 = Debug|Any CPU
		{F30118F5-1ABE-44B1-9CDE-29B7B65FF999}.Release|Any CPU.ActiveCfg = Release|Any CPU
		{F30118F5-1ABE-44B1-9CDE-29B7B65FF999}.Release|Any CPU.Build.0 = Release|Any CPU
		{AC82FFE1-E33C-4869-B9D7-A42CB204965B}.Debug|Any CPU.ActiveCfg = Debug|Any CPU
		{AC82FFE1-E33C-4869-B9D7-A42CB204965B}.Debug|Any CPU.Build.0 = Debug|Any CPU
		{AC82FFE1-E33C-4869-B9D7-A42CB204965B}.Release|Any CPU.ActiveCfg = Release|Any CPU
		{AC82FFE1-E33C-4869-B9D7-A42CB204965B}.Release|Any CPU.Build.0 = Release|Any CPU
		{59CAD25A-C544-49C0-88D0-7803B08C6FDD}.Debug|Any CPU.ActiveCfg = Debug|Any CPU
		{59CAD25A-C544-49C0-88D0-7803B08C6FDD}.Debug|Any CPU.Build.0 = Debug|Any CPU
		{59CAD25A-C544-49C0-88D0-7803B08C6FDD}.Release|Any CPU.ActiveCfg = Release|Any CPU
		{59CAD25A-C544-49C0-88D0-7803B08C6FDD}.Release|Any CPU.Build.0 = Release|Any CPU
		{C7953C0E-19B1-4712-B0A5-CA0A1C2926F9}.Debug|Any CPU.ActiveCfg = Debug|Any CPU
		{C7953C0E-19B1-4712-B0A5-CA0A1C2926F9}.Debug|Any CPU.Build.0 = Debug|Any CPU
		{C7953C0E-19B1-4712-B0A5-CA0A1C2926F9}.Release|Any CPU.ActiveCfg = Release|Any CPU
		{C7953C0E-19B1-4712-B0A5-CA0A1C2926F9}.Release|Any CPU.Build.0 = Release|Any CPU
		{BAACFBF9-2186-4245-8261-41C4FB6FB6BA}.Debug|Any CPU.ActiveCfg = Debug|Any CPU
		{BAACFBF9-2186-4245-8261-41C4FB6FB6BA}.Debug|Any CPU.Build.0 = Debug|Any CPU
		{BAACFBF9-2186-4245-8261-41C4FB6FB6BA}.Release|Any CPU.ActiveCfg = Release|Any CPU
		{BAACFBF9-2186-4245-8261-41C4FB6FB6BA}.Release|Any CPU.Build.0 = Release|Any CPU
		{27142127-1495-4316-B402-6AE4F4FD83D4}.Debug|Any CPU.ActiveCfg = Debug|Any CPU
		{27142127-1495-4316-B402-6AE4F4FD83D4}.Debug|Any CPU.Build.0 = Debug|Any CPU
		{27142127-1495-4316-B402-6AE4F4FD83D4}.Release|Any CPU.ActiveCfg = Release|Any CPU
		{27142127-1495-4316-B402-6AE4F4FD83D4}.Release|Any CPU.Build.0 = Release|Any CPU
		{F1AB0DB7-D7CD-4B3C-9341-8CE3F22F478E}.Debug|Any CPU.ActiveCfg = Debug|Any CPU
		{F1AB0DB7-D7CD-4B3C-9341-8CE3F22F478E}.Debug|Any CPU.Build.0 = Debug|Any CPU
		{F1AB0DB7-D7CD-4B3C-9341-8CE3F22F478E}.Release|Any CPU.ActiveCfg = Release|Any CPU
		{F1AB0DB7-D7CD-4B3C-9341-8CE3F22F478E}.Release|Any CPU.Build.0 = Release|Any CPU
		{82197464-28CE-47A1-AD44-86D791EF82DA}.Debug|Any CPU.ActiveCfg = Debug|Any CPU
		{82197464-28CE-47A1-AD44-86D791EF82DA}.Debug|Any CPU.Build.0 = Debug|Any CPU
		{82197464-28CE-47A1-AD44-86D791EF82DA}.Release|Any CPU.ActiveCfg = Release|Any CPU
		{82197464-28CE-47A1-AD44-86D791EF82DA}.Release|Any CPU.Build.0 = Release|Any CPU
		{FA34B4DE-6E98-4E20-9FE7-356B80058938}.Debug|Any CPU.ActiveCfg = Debug|Any CPU
		{FA34B4DE-6E98-4E20-9FE7-356B80058938}.Debug|Any CPU.Build.0 = Debug|Any CPU
		{FA34B4DE-6E98-4E20-9FE7-356B80058938}.Release|Any CPU.ActiveCfg = Release|Any CPU
		{FA34B4DE-6E98-4E20-9FE7-356B80058938}.Release|Any CPU.Build.0 = Release|Any CPU
		{93475FC9-5D34-4768-8256-CE8FC048CA62}.Debug|Any CPU.ActiveCfg = Debug|Any CPU
		{93475FC9-5D34-4768-8256-CE8FC048CA62}.Debug|Any CPU.Build.0 = Debug|Any CPU
		{93475FC9-5D34-4768-8256-CE8FC048CA62}.Release|Any CPU.ActiveCfg = Release|Any CPU
		{93475FC9-5D34-4768-8256-CE8FC048CA62}.Release|Any CPU.Build.0 = Release|Any CPU
		{7863C4E6-C16E-4427-AFF9-A22E8B625F4F}.Debug|Any CPU.ActiveCfg = Debug|Any CPU
		{7863C4E6-C16E-4427-AFF9-A22E8B625F4F}.Debug|Any CPU.Build.0 = Debug|Any CPU
		{7863C4E6-C16E-4427-AFF9-A22E8B625F4F}.Release|Any CPU.ActiveCfg = Release|Any CPU
		{7863C4E6-C16E-4427-AFF9-A22E8B625F4F}.Release|Any CPU.Build.0 = Release|Any CPU
		{B02EBD7D-B5A6-4D3B-9DD6-2BDE0A6501C3}.Debug|Any CPU.ActiveCfg = Debug|Any CPU
		{B02EBD7D-B5A6-4D3B-9DD6-2BDE0A6501C3}.Debug|Any CPU.Build.0 = Debug|Any CPU
		{B02EBD7D-B5A6-4D3B-9DD6-2BDE0A6501C3}.Release|Any CPU.ActiveCfg = Release|Any CPU
		{B02EBD7D-B5A6-4D3B-9DD6-2BDE0A6501C3}.Release|Any CPU.Build.0 = Release|Any CPU
	EndGlobalSection
	GlobalSection(SolutionProperties) = preSolution
		HideSolutionNode = FALSE
	EndGlobalSection
	GlobalSection(ExtensibilityGlobals) = postSolution
		SolutionGuid = {6A006B33-8061-4390-B9FA-7A14794E4C46}
	EndGlobalSection
EndGlobal
